{
  "name": "popilot",
  "version": "0.3.0",
  "lockfileVersion": 3,
  "requires": true,
  "packages": {
    "": {
      "name": "popilot",
      "version": "0.3.0",
      "license": "MIT",
      "bin": {
        "popilot": "bin/cli.mjs"
      },
      "engines": {
        "node": ">=18"
      }
    }
  }
}
